
Microsoft Visual Studio Solution File, Format Version 12.00
# 
Project("{FAE04EC0-301F-11D3-BF4B-00C04F79EFBC}") = "Billing", "src\Billing\Billing.csproj", "{2A2C2BFB-8034-41C9-802F-1AF06A51813E}"
EndProject
Project("{FAE04EC0-301F-11D3-BF4B-00C04F79EFBC}") = "Billing.Test", "test\Billing.Test\Billing.Test.csproj", "{0559FEBB-8E3C-4644-AE44-57325300DC87}"
EndProject
Global
	GlobalSection(SolutionConfigurationPlatforms) = preSolution
		Debug|Any CPU = Debug|Any CPU
		Release|Any CPU = Release|Any CPU
	EndGlobalSection
	GlobalSection(ProjectConfigurationPlatforms) = postSolution
		{2A2C2BFB-8034-41C9-802F-1AF06A51813E}.Debug|Any CPU.ActiveCfg = Debug|Any CPU
		{2A2C2BFB-8034-41C9-802F-1AF06A51813E}.Debug|Any CPU.Build.0 = Debug|Any CPU
		{2A2C2BFB-8034-41C9-802F-1AF06A51813E}.Release|Any CPU.ActiveCfg = Release|Any CPU
		{2A2C2BFB-8034-41C9-802F-1AF06A51813E}.Release|Any CPU.Build.0 = Release|Any CPU
		{0559FEBB-8E3C-4644-AE44-57325300DC87}.Debug|Any CPU.ActiveCfg = Debug|Any CPU
		{0559FEBB-8E3C-4644-AE44-57325300DC87}.Debug|Any CPU.Build.0 = Debug|Any CPU
		{0559FEBB-8E3C-4644-AE44-57325300DC87}.Release|Any CPU.ActiveCfg = Release|Any CPU
		{0559FEBB-8E3C-4644-AE44-57325300DC87}.Release|Any CPU.Build.0 = Release|Any CPU
	EndGlobalSection
EndGlobal
